// !$*UTF8*$!
{
	archiveVersion = 1;
	classes = {
	};
	objectVersion = 46;
	objects = {

/* Begin PBXBuildFile section */
		C7D84E1A1A43149A005510B0 /* MorseViewController.m in Sources */ = {isa = PBXBuildFile; fileRef = C7D84E191A43149A005510B0 /* MorseViewController.m */; };
		C7D84E1F1A43157A005510B0 /* Morse.m in Sources */ = {isa = PBXBuildFile; fileRef = C7D84E1E1A43157A005510B0 /* Morse.m */; };
		C7D84E221A43158F005510B0 /* Led.m in Sources */ = {isa = PBXBuildFile; fileRef = C7D84E211A43158F005510B0 /* Led.m */; };
		C7D84E241A43164D005510B0 /* AudioToolbox.framework in Frameworks */ = {isa = PBXBuildFile; fileRef = C7D84E231A43164D005510B0 /* AudioToolbox.framework */; };
		C7DFAD291A42B35C006A8283 /* main.m in Sources */ = {isa = PBXBuildFile; fileRef = C7DFAD281A42B35C006A8283 /* main.m */; };
		C7DFAD2C1A42B35C006A8283 /* AppDelegate.m in Sources */ = {isa = PBXBuildFile; fileRef = C7DFAD2B1A42B35C006A8283 /* AppDelegate.m */; };
		C7DFAD2F1A42B35C006A8283 /* ViewController.m in Sources */ = {isa = PBXBuildFile; fileRef = C7DFAD2E1A42B35C006A8283 /* ViewController.m */; };
		C7DFAD321A42B35C006A8283 /* Main.storyboard in Resources */ = {isa = PBXBuildFile; fileRef = C7DFAD301A42B35C006A8283 /* Main.storyboard */; };
		C7DFAD341A42B35C006A8283 /* Images.xcassets in Resources */ = {isa = PBXBuildFile; fileRef = C7DFAD331A42B35C006A8283 /* Images.xcassets */; };
		C7DFAD371A42B35C006A8283 /* LaunchScreen.xib in Resources */ = {isa = PBXBuildFile; fileRef = C7DFAD351A42B35C006A8283 /* LaunchScreen.xib */; };
		C7DFAD431A42B35C006A8283 /* MorseCodeTests.m in Sources */ = {isa = PBXBuildFile; fileRef = C7DFAD421A42B35C006A8283 /* MorseCodeTests.m */; };
/* End PBXBuildFile section */

/* Begin PBXContainerItemProxy section */
		C7DFAD3D1A42B35C006A8283 /* PBXContainerItemProxy */ = {
			isa = PBXContainerItemProxy;
			containerPortal = C7DFAD1B1A42B35C006A8283 /* Project object */;
			proxyType = 1;
			remoteGlobalIDString = C7DFAD221A42B35C006A8283;
			remoteInfo = MorseCode;
		};
/* End PBXContainerItemProxy section */

/* Begin PBXFileReference section */
		C7D84E181A43149A005510B0 /* MorseViewController.h */ = {isa = PBXFileReference; fileEncoding = 4; lastKnownFileType = sourcecode.c.h; name = MorseViewController.h; path = ViewController/MorseViewController.h; sourceTree = "<group>"; };
		C7D84E191A43149A005510B0 /* MorseViewController.m */ = {isa = PBXFileReference; fileEncoding = 4; lastKnownFileType = sourcecode.c.objc; name = MorseViewController.m; path = ViewController/MorseViewController.m; sourceTree = "<group>"; };
		C7D84E1D1A43157A005510B0 /* Morse.h */ = {isa = PBXFileReference; fileEncoding = 4; lastKnownFileType = sourcecode.c.h; name = Morse.h; path = Model/Morse.h; sourceTree = "<group>"; };
		C7D84E1E1A43157A005510B0 /* Morse.m */ = {isa = PBXFileReference; fileEncoding = 4; lastKnownFileType = sourcecode.c.objc; name = Morse.m; path = Model/Morse.m; sourceTree = "<group>"; };
		C7D84E201A43158F005510B0 /* Led.h */ = {isa = PBXFileReference; fileEncoding = 4; lastKnownFileType = sourcecode.c.h; name = Led.h; path = Model/Led.h; sourceTree = "<group>"; };
		C7D84E211A43158F005510B0 /* Led.m */ = {isa = PBXFileReference; fileEncoding = 4; lastKnownFileType = sourcecode.c.objc; name = Led.m; path = Model/Led.m; sourceTree = "<group>"; };
		C7D84E231A43164D005510B0 /* AudioToolbox.framework */ = {isa = PBXFileReference; lastKnownFileType = wrapper.framework; name = AudioToolbox.framework; path = System/Library/Frameworks/AudioToolbox.framework; sourceTree = SDKROOT; };
		C7D84E251A43164D005510B0 /* MorseCode.entitlements */ = {isa = PBXFileReference; lastKnownFileType = text.xml; path = MorseCode.entitlements; sourceTree = "<group>"; };
		C7DFAD231A42B35C006A8283 /* MorseCode.app */ = {isa = PBXFileReference; explicitFileType = wrapper.application; includeInIndex = 0; path = MorseCode.app; sourceTree = BUILT_PRODUCTS_DIR; };
		C7DFAD271A42B35C006A8283 /* Info.plist */ = {isa = PBXFileReference; lastKnownFileType = text.plist.xml; path = Info.plist; sourceTree = "<group>"; };
		C7DFAD281A42B35C006A8283 /* main.m */ = {isa = PBXFileReference; lastKnownFileType = sourcecode.c.objc; path = main.m; sourceTree = "<group>"; };
		C7DFAD2A1A42B35C006A8283 /* AppDelegate.h */ = {isa = PBXFileReference; lastKnownFileType = sourcecode.c.h; path = AppDelegate.h; sourceTree = "<group>"; };
		C7DFAD2B1A42B35C006A8283 /* AppDelegate.m */ = {isa = PBXFileReference; lastKnownFileType = sourcecode.c.objc; path = AppDelegate.m; sourceTree = "<group>"; };
		C7DFAD2D1A42B35C006A8283 /* ViewController.h */ = {isa = PBXFileReference; lastKnownFileType = sourcecode.c.h; path = ViewController.h; sourceTree = "<group>"; };
		C7DFAD2E1A42B35C006A8283 /* ViewController.m */ = {isa = PBXFileReference; lastKnownFileType = sourcecode.c.objc; path = ViewController.m; sourceTree = "<group>"; };
		C7DFAD311A42B35C006A8283 /* Base */ = {isa = PBXFileReference; lastKnownFileType = file.storyboard; name = Base; path = Base.lproj/Main.storyboard; sourceTree = "<group>"; };
		C7DFAD331A42B35C006A8283 /* Images.xcassets */ = {isa = PBXFileReference; lastKnownFileType = folder.assetcatalog; path = Images.xcassets; sourceTree = "<group>"; };
		C7DFAD361A42B35C006A8283 /* Base */ = {isa = PBXFileReference; lastKnownFileType = file.xib; name = Base; path = Base.lproj/LaunchScreen.xib; sourceTree = "<group>"; };
		C7DFAD3C1A42B35C006A8283 /* MorseCodeTests.xctest */ = {isa = PBXFileReference; explicitFileType = wrapper.cfbundle; includeInIndex = 0; path = MorseCodeTests.xctest; sourceTree = BUILT_PRODUCTS_DIR; };
		C7DFAD411A42B35C006A8283 /* Info.plist */ = {isa = PBXFileReference; lastKnownFileType = text.plist.xml; path = Info.plist; sourceTree = "<group>"; };
		C7DFAD421A42B35C006A8283 /* MorseCodeTests.m */ = {isa = PBXFileReference; lastKnownFileType = sourcecode.c.objc; path = MorseCodeTests.m; sourceTree = "<group>"; };
/* End PBXFileReference section */

/* Begin PBXFrameworksBuildPhase section */
		C7DFAD201A42B35C006A8283 /* Frameworks */ = {
			isa = PBXFrameworksBuildPhase;
			buildActionMask = 2147483647;
			files = (
				C7D84E241A43164D005510B0 /* AudioToolbox.framework in Frameworks */,
			);
			runOnlyForDeploymentPostprocessing = 0;
		};
		C7DFAD391A42B35C006A8283 /* Frameworks */ = {
			isa = PBXFrameworksBuildPhase;
			buildActionMask = 2147483647;
			files = (
			);
			runOnlyForDeploymentPostprocessing = 0;
		};
/* End PBXFrameworksBuildPhase section */

/* Begin PBXGroup section */
		C7D84E1B1A4314B4005510B0 /* Model */ = {
			isa = PBXGroup;
			children = (
				C7D84E1D1A43157A005510B0 /* Morse.h */,
				C7D84E1E1A43157A005510B0 /* Morse.m */,
				C7D84E201A43158F005510B0 /* Led.h */,
				C7D84E211A43158F005510B0 /* Led.m */,
			);
			name = Model;
			sourceTree = "<group>";
		};
		C7D84E1C1A431503005510B0 /* ViewController */ = {
			isa = PBXGroup;
			children = (
				C7D84E181A43149A005510B0 /* MorseViewController.h */,
				C7D84E191A43149A005510B0 /* MorseViewController.m */,
			);
			name = ViewController;
			sourceTree = "<group>";
		};
		C7DFAD1A1A42B35C006A8283 = {
			isa = PBXGroup;
			children = (
				C7D84E231A43164D005510B0 /* AudioToolbox.framework */,
				C7DFAD251A42B35C006A8283 /* MorseCode */,
				C7DFAD3F1A42B35C006A8283 /* MorseCodeTests */,
				C7DFAD241A42B35C006A8283 /* Products */,
			);
			sourceTree = "<group>";
		};
		C7DFAD241A42B35C006A8283 /* Products */ = {
			isa = PBXGroup;
			children = (
				C7DFAD231A42B35C006A8283 /* MorseCode.app */,
				C7DFAD3C1A42B35C006A8283 /* MorseCodeTests.xctest */,
			);
			name = Products;
			sourceTree = "<group>";
		};
		C7DFAD251A42B35C006A8283 /* MorseCode */ = {
			isa = PBXGroup;
			children = (
				C7D84E251A43164D005510B0 /* MorseCode.entitlements */,
				C7D84E1C1A431503005510B0 /* ViewController */,
				C7D84E1B1A4314B4005510B0 /* Model */,
				C7DFAD2A1A42B35C006A8283 /* AppDelegate.h */,
				C7DFAD2B1A42B35C006A8283 /* AppDelegate.m */,
				C7DFAD2D1A42B35C006A8283 /* ViewController.h */,
				C7DFAD2E1A42B35C006A8283 /* ViewController.m */,
				C7DFAD301A42B35C006A8283 /* Main.storyboard */,
				C7DFAD331A42B35C006A8283 /* Images.xcassets */,
				C7DFAD351A42B35C006A8283 /* LaunchScreen.xib */,
				C7DFAD261A42B35C006A8283 /* Supporting Files */,
			);
			path = MorseCode;
			sourceTree = "<group>";
		};
		C7DFAD261A42B35C006A8283 /* Supporting Files */ = {
			isa = PBXGroup;
			children = (
				C7DFAD271A42B35C006A8283 /* Info.plist */,
				C7DFAD281A42B35C006A8283 /* main.m */,
			);
			name = "Supporting Files";
			sourceTree = "<group>";
		};
		C7DFAD3F1A42B35C006A8283 /* MorseCodeTests */ = {
			isa = PBXGroup;
			children = (
				C7DFAD421A42B35C006A8283 /* MorseCodeTests.m */,
				C7DFAD401A42B35C006A8283 /* Supporting Files */,
			);
			path = MorseCodeTests;
			sourceTree = "<group>";
		};
		C7DFAD401A42B35C006A8283 /* Supporting Files */ = {
			isa = PBXGroup;
			children = (
				C7DFAD411A42B35C006A8283 /* Info.plist */,
			);
			name = "Supporting Files";
			sourceTree = "<group>";
		};
/* End PBXGroup section */

/* Begin PBXNativeTarget section */
		C7DFAD221A42B35C006A8283 /* MorseCode */ = {
			isa = PBXNativeTarget;
			buildConfigurationList = C7DFAD461A42B35C006A8283 /* Build configuration list for PBXNativeTarget "MorseCode" */;
			buildPhases = (
				C7DFAD1F1A42B35C006A8283 /* Sources */,
				C7DFAD201A42B35C006A8283 /* Frameworks */,
				C7DFAD211A42B35C006A8283 /* Resources */,
			);
			buildRules = (
			);
			dependencies = (
			);
			name = MorseCode;
			productName = MorseCode;
			productReference = C7DFAD231A42B35C006A8283 /* MorseCode.app */;
			productType = "com.apple.product-type.application";
		};
		C7DFAD3B1A42B35C006A8283 /* MorseCodeTests */ = {
			isa = PBXNativeTarget;
			buildConfigurationList = C7DFAD491A42B35C006A8283 /* Build configuration list for PBXNativeTarget "MorseCodeTests" */;
			buildPhases = (
				C7DFAD381A42B35C006A8283 /* Sources */,
				C7DFAD391A42B35C006A8283 /* Frameworks */,
				C7DFAD3A1A42B35C006A8283 /* Resources */,
			);
			buildRules = (
			);
			dependencies = (
				C7DFAD3E1A42B35C006A8283 /* PBXTargetDependency */,
			);
			name = MorseCodeTests;
			productName = MorseCodeTests;
			productReference = C7DFAD3C1A42B35C006A8283 /* MorseCodeTests.xctest */;
			productType = "com.apple.product-type.bundle.unit-test";
		};
/* End PBXNativeTarget section */

/* Begin PBXProject section */
		C7DFAD1B1A42B35C006A8283 /* Project object */ = {
			isa = PBXProject;
			attributes = {
				LastUpgradeCheck = 0610;
				ORGANIZATIONNAME = weibolabs;
				TargetAttributes = {
					C7DFAD221A42B35C006A8283 = {
						CreatedOnToolsVersion = 6.1.1;
						DevelopmentTeam = 2C9E2LT5HV;
						SystemCapabilities = {
							com.apple.InterAppAudio = {
								enabled = 1;
							};
						};
					};
					C7DFAD3B1A42B35C006A8283 = {
						CreatedOnToolsVersion = 6.1.1;
						TestTargetID = C7DFAD221A42B35C006A8283;
					};
				};
			};
			buildConfigurationList = C7DFAD1E1A42B35C006A8283 /* Build configuration list for PBXProject "MorseCode" */;
			compatibilityVersion = "Xcode 3.2";
			developmentRegion = English;
			hasScannedForEncodings = 0;
			knownRegions = (
				en,
				Base,
			);
			mainGroup = C7DFAD1A1A42B35C006A8283;
			productRefGroup = C7DFAD241A42B35C006A8283 /* Products */;
			projectDirPath = "";
			projectRoot = "";
			targets = (
				C7DFAD221A42B35C006A8283 /* MorseCode */,
				C7DFAD3B1A42B35C006A8283 /* MorseCodeTests */,
			);
		};
/* End PBXProject section */

/* Begin PBXResourcesBuildPhase section */
		C7DFAD211A42B35C006A8283 /* Resources */ = {
			isa = PBXResourcesBuildPhase;
			buildActionMask = 2147483647;
			files = (
				C7DFAD321A42B35C006A8283 /* Main.storyboard in Resources */,
				C7DFAD371A42B35C006A8283 /* LaunchScreen.xib in Resources */,
				C7DFAD341A42B35C006A8283 /* Images.xcassets in Resources */,
			);
			runOnlyForDeploymentPostprocessing = 0;
		};
		C7DFAD3A1A42B35C006A8283 /* Resources */ = {
			isa = PBXResourcesBuildPhase;
			buildActionMask = 2147483647;
			files = (
			);
			runOnlyForDeploymentPostprocessing = 0;
		};
/* End PBXResourcesBuildPhase section */

/* Begin PBXSourcesBuildPhase section */
		C7DFAD1F1A42B35C006A8283 /* Sources */ = {
			isa = PBXSourcesBuildPhase;
			buildActionMask = 2147483647;
			files = (
				C7DFAD2F1A42B35C006A8283 /* ViewController.m in Sources */,
				C7D84E1F1A43157A005510B0 /* Morse.m in Sources */,
				C7D84E1A1A43149A005510B0 /* MorseViewController.m in Sources */,
				C7D84E221A43158F005510B0 /* Led.m in Sources */,
				C7DFAD2C1A42B35C006A8283 /* AppDelegate.m in Sources */,
				C7DFAD291A42B35C006A8283 /* main.m in Sources */,
			);
			runOnlyForDeploymentPostprocessing = 0;
		};
		C7DFAD381A42B35C006A8283 /* Sources */ = {
			isa = PBXSourcesBuildPhase;
			buildActionMask = 2147483647;
			files = (
				C7DFAD431A42B35C006A8283 /* MorseCodeTests.m in Sources */,
			);
			runOnlyForDeploymentPostprocessing = 0;
		};
/* End PBXSourcesBuildPhase section */

/* Begin PBXTargetDependency section */
		C7DFAD3E1A42B35C006A8283 /* PBXTargetDependency */ = {
			isa = PBXTargetDependency;
			target = C7DFAD221A42B35C006A8283 /* MorseCode */;
			targetProxy = C7DFAD3D1A42B35C006A8283 /* PBXContainerItemProxy */;
		};
/* End PBXTargetDependency section */

/* Begin PBXVariantGroup section */
		C7DFAD301A42B35C006A8283 /* Main.storyboard */ = {
			isa = PBXVariantGroup;
			children = (
				C7DFAD311A42B35C006A8283 /* Base */,
			);
			name = Main.storyboard;
			sourceTree = "<group>";
		};
		C7DFAD351A42B35C006A8283 /* LaunchScreen.xib */ = {
			isa = PBXVariantGroup;
			children = (
				C7DFAD361A42B35C006A8283 /* Base */,
			);
			name = LaunchScreen.xib;
			sourceTree = "<group>";
		};
/* End PBXVariantGroup section */

/* Begin XCBuildConfiguration section */
		C7DFAD441A42B35C006A8283 /* Debug */ = {
			isa = XCBuildConfiguration;
			buildSettings = {
				ALWAYS_SEARCH_USER_PATHS = NO;
				CLANG_CXX_LANGUAGE_STANDARD = "gnu++0x";
				CLANG_CXX_LIBRARY = "libc++";
				CLANG_ENABLE_MODULES = YES;
				CLANG_ENABLE_OBJC_ARC = YES;
				CLANG_WARN_BOOL_CONVERSION = YES;
				CLANG_WARN_CONSTANT_CONVERSION = YES;
				CLANG_WARN_DIRECT_OBJC_ISA_USAGE = YES_ERROR;
				CLANG_WARN_EMPTY_BODY = YES;
				CLANG_WARN_ENUM_CONVERSION = YES;
				CLANG_WARN_INT_CONVERSION = YES;
				CLANG_WARN_OBJC_ROOT_CLASS = YES_ERROR;
				CLANG_WARN_UNREACHABLE_CODE = YES;
				CLANG_WARN__DUPLICATE_METHOD_MATCH = YES;
				"CODE_SIGN_IDENTITY[sdk=iphoneos*]" = "iPhone Developer";
				COPY_PHASE_STRIP = NO;
				ENABLE_STRICT_OBJC_MSGSEND = YES;
				GCC_C_LANGUAGE_STANDARD = gnu99;
				GCC_DYNAMIC_NO_PIC = NO;
				GCC_OPTIMIZATION_LEVEL = 0;
				GCC_PREPROCESSOR_DEFINITIONS = (
					"DEBUG=1",
					"$(inherited)",
				);
				GCC_SYMBOLS_PRIVATE_EXTERN = NO;
				GCC_WARN_64_TO_32_BIT_CONVERSION = YES;
				GCC_WARN_ABOUT_RETURN_TYPE = YES_ERROR;
				GCC_WARN_UNDECLARED_SELECTOR = YES;
				GCC_WARN_UNINITIALIZED_AUTOS = YES_AGGRESSIVE;
				GCC_WARN_UNUSED_FUNCTION = YES;
				GCC_WARN_UNUSED_VARIABLE = YES;
				IPHONEOS_DEPLOYMENT_TARGET = 8.1;
				MTL_ENABLE_DEBUG_INFO = YES;
				ONLY_ACTIVE_ARCH = YES;
				SDKROOT = iphoneos;
				TARGETED_DEVICE_FAMILY = "1,2";
			};
			name = Debug;
		};
		C7DFAD451A42B35C006A8283 /* Release */ = {
			isa = XCBuildConfiguration;
			buildSettings = {
				ALWAYS_SEARCH_USER_PATHS = NO;
				CLANG_CXX_LANGUAGE_STANDARD = "gnu++0x";
				CLANG_CXX_LIBRARY = "libc++";
				CLANG_ENABLE_MODULES = YES;
				CLANG_ENABLE_OBJC_ARC = YES;
				CLANG_WARN_BOOL_CONVERSION = YES;
				CLANG_WARN_CONSTANT_CONVERSION = YES;
				CLANG_WARN_DIRECT_OBJC_ISA_USAGE = YES_ERROR;
				CLANG_WARN_EMPTY_BODY = YES;
				CLANG_WARN_ENUM_CONVERSION = YES;
				CLANG_WARN_INT_CONVERSION = YES;
				CLANG_WARN_OBJC_ROOT_CLASS = YES_ERROR;
				CLANG_WARN_UNREACHABLE_CODE = YES;
				CLANG_WARN__DUPLICATE_METHOD_MATCH = YES;
				"CODE_SIGN_IDENTITY[sdk=iphoneos*]" = "iPhone Developer";
				COPY_PHASE_STRIP = YES;
				ENABLE_NS_ASSERTIONS = NO;
				ENABLE_STRICT_OBJC_MSGSEND = YES;
				GCC_C_LANGUAGE_STANDARD = gnu99;
				GCC_WARN_64_TO_32_BIT_CONVERSION = YES;
				GCC_WARN_ABOUT_RETURN_TYPE = YES_ERROR;
				GCC_WARN_UNDECLARED_SELECTOR = YES;
				GCC_WARN_UNINITIALIZED_AUTOS = YES_AGGRESSIVE;
				GCC_WARN_UNUSED_FUNCTION = YES;
				GCC_WARN_UNUSED_VARIABLE = YES;
				IPHONEOS_DEPLOYMENT_TARGET = 8.1;
				MTL_ENABLE_DEBUG_INFO = NO;
				SDKROOT = iphoneos;
				TARGETED_DEVICE_FAMILY = "1,2";
				VALIDATE_PRODUCT = YES;
			};
			name = Release;
		};
		C7DFAD471A42B35C006A8283 /* Debug */ = {
			isa = XCBuildConfiguration;
			buildSettings = {
				ASSETCATALOG_COMPILER_APPICON_NAME = AppIcon;
				CODE_SIGN_ENTITLEMENTS = MorseCode/MorseCode.entitlements;
				CODE_SIGN_IDENTITY = "iPhone Developer";
				INFOPLIST_FILE = MorseCode/Info.plist;
				LD_RUNPATH_SEARCH_PATHS = "$(inherited) @executable_path/Frameworks";
				PRODUCT_NAME = "$(TARGET_NAME)";
			};
			name = Debug;
		};
		C7DFAD481A42B35C006A8283 /* Release */ = {
			isa = XCBuildConfiguration;
			buildSettings = {
				ASSETCATALOG_COMPILER_APPICON_NAME = AppIcon;
				CODE_SIGN_ENTITLEMENTS = MorseCode/MorseCode.entitlements;
				CODE_SIGN_IDENTITY = "iPhone Developer";
				INFOPLIST_FILE = MorseCode/Info.plist;
				LD_RUNPATH_SEARCH_PATHS = "$(inherited) @executable_path/Frameworks";
				PRODUCT_NAME = "$(TARGET_NAME)";
			};
			name = Release;
		};
		C7DFAD4A1A42B35C006A8283 /* Debug */ = {
			isa = XCBuildConfiguration;
			buildSettings = {
				BUNDLE_LOADER = "$(TEST_HOST)";
				FRAMEWORK_SEARCH_PATHS = (
					"$(SDKROOT)/Developer/Library/Frameworks",
					"$(inherited)",
				);
				GCC_PREPROCESSOR_DEFINITIONS = (
					"DEBUG=1",
					"$(inherited)",
				);
				INFOPLIST_FILE = MorseCodeTests/Info.plist;
				LD_RUNPATH_SEARCH_PATHS = "$(inherited) @executable_path/Frameworks @loader_path/Frameworks";
				PRODUCT_NAME = "$(TARGET_NAME)";
				TEST_HOST = "$(BUILT_PRODUCTS_DIR)/MorseCode.app/MorseCode";
			};
			name = Debug;
		};
		C7DFAD4B1A42B35C006A8283 /* Release */ = {
			isa = XCBuildConfiguration;
			buildSettings = {
				BUNDLE_LOADER = "$(TEST_HOST)";
				FRAMEWORK_SEARCH_PATHS = (
					"$(SDKROOT)/Developer/Library/Frameworks",
					"$(inherited)",
				);
				INFOPLIST_FILE = MorseCodeTests/Info.plist;
				LD_RUNPATH_SEARCH_PATHS = "$(inherited) @executable_path/Frameworks @loader_path/Frameworks";
				PRODUCT_NAME = "$(TARGET_NAME)";
				TEST_HOST = "$(BUILT_PRODUCTS_DIR)/MorseCode.app/MorseCode";
			};
			name = Release;
		};
/* End XCBuildConfiguration section */

/* Begin XCConfigurationList section */
		C7DFAD1E1A42B35C006A8283 /* Build configuration list for PBXProject "MorseCode" */ = {
			isa = XCConfigurationList;
			buildConfigurations = (
				C7DFAD441A42B35C006A8283 /* Debug */,
				C7DFAD451A42B35C006A8283 /* Release */,
			);
			defaultConfigurationIsVisible = 0;
			defaultConfigurationName = Release;
		};
		C7DFAD461A42B35C006A8283 /* Build configuration list for PBXNativeTarget "MorseCode" */ = {
			isa = XCConfigurationList;
			buildConfigurations = (
				C7DFAD471A42B35C006A8283 /* Debug */,
				C7DFAD481A42B35C006A8283 /* Release */,
			);
			defaultConfigurationIsVisible = 0;
			defaultConfigurationName = Release;
		};
		C7DFAD491A42B35C006A8283 /* Build configuration list for PBXNativeTarget "MorseCodeTests" */ = {
			isa = XCConfigurationList;
			buildConfigurations = (
				C7DFAD4A1A42B35C006A8283 /* Debug */,
				C7DFAD4B1A42B35C006A8283 /* Release */,
			);
			defaultConfigurationIsVisible = 0;
			defaultConfigurationName = Release;
		};
/* End XCConfigurationList section */
	};
	rootObject = C7DFAD1B1A42B35C006A8283 /* Project object */;
}
